# This file is automatically @generated by pesde.
# It is not intended for manual editing.
format = 2
name = "team_fireworks/maau"
version = "0.0.0"
target = "lune"

[graph."caveful_games/argparse@0.1.2 lune"]
direct = ["argparse", { name = "caveful_games/argparse", version = "^0.1.2", index = "default" }, "standard"]

[graph."caveful_games/argparse@0.1.2 lune".pkg_ref]
ref_ty = "pesde"
index_url = "https://github.com/pesde-pkg/index"

[graph."caveful_games/argparse@0.1.2 lune".pkg_ref.dependencies]
luau_check = [{ name = "jiwonz/luau_check", version = "^0.2.0", index = "https://github.com/pesde-pkg/index" }, "dev"]
luau_lsp = [{ name = "pesde/luau_lsp", version = "^1.38.0", index = "https://github.com/pesde-pkg/index" }, "dev"]
selene = [{ name = "pesde/selene", version = "^0.27.1", index = "https://github.com/pesde-pkg/index" }, "dev"]
stylua = [{ name = "pesde/stylua", version = "^2.0.2", index = "https://github.com/pesde-pkg/index" }, "dev"]

[graph."kimpure/chalk_luau@0.1.7 luau"]
direct = ["chalk", { name = "kimpure/chalk_luau", version = "^0.1.7", index = "default", target = "luau" }, "standard"]

[graph."kimpure/chalk_luau@0.1.7 luau".pkg_ref]
ref_ty = "pesde"
index_url = "https://github.com/pesde-pkg/index"
